// !$*UTF8*$!
{
	archiveVersion = 1;
	classes = {
	};
	objectVersion = 77;
	objects = {

/* Begin PBXContainerItemProxy section */
		EC1D15902F51CBFD00C1E6F1 /* PBXContainerItemProxy */ = {
			isa = PBXContainerItemProxy;
			containerPortal = EC1D15762F51CBFC00C1E6F1 /* Project object */;
			proxyType = 1;
			remoteGlobalIDString = EC1D157D2F51CBFC00C1E6F1;
			remoteInfo = Blink;
		};
		EC1D159A2F51CBFD00C1E6F1 /* PBXContainerItemProxy */ = {
			isa = PBXContainerItemProxy;
			containerPortal = EC1D15762F51CBFC00C1E6F1 /* Project object */;
			proxyType = 1;
			remoteGlobalIDString = EC1D157D2F51CBFC00C1E6F1;
			remoteInfo = Blink;
		};
/* End PBXContainerItemProxy section */

/* Begin PBXFileReference section */
		EC1D157E2F51CBFC00C1E6F1 /* Blink.app */ = {isa = PBXFileReference; explicitFileType = wrapper.application; includeInIndex = 0; path = Blink.app; sourceTree = BUILT_PRODUCTS_DIR; };
		EC1D158F2F51CBFD00C1E6F1 /* BlinkTests.xctest */ = {isa = PBXFileReference; explicitFileType = wrapper.cfbundle; includeInIndex = 0; path = BlinkTests.xctest; sourceTree = BUILT_PRODUCTS_DIR; };
		EC1D15992F51CBFD00C1E6F1 /* BlinkUITests.xctest */ = {isa = PBXFileReference; explicitFileType = wrapper.cfbundle; includeInIndex = 0; path = BlinkUITests.xctest; sourceTree = BUILT_PRODUCTS_DIR; };
/* End PBXFileReference section */

/* Begin PBXFileSystemSynchronizedRootGroup section */
		EC1D15802F51CBFC00C1E6F1 /* Blink */ = {
			isa = PBXFileSystemSynchronizedRootGroup;
			path = Blink;
			sourceTree = "<group>";
		};
		EC2A00012F51CBFC00C1E6F1 /* Generated */ = {
			isa = PBXFileSystemSynchronizedRootGroup;
			path = Generated;
			sourceTree = "<group>";
		};
		EC1D15922F51CBFD00C1E6F1 /* BlinkTests */ = {
			isa = PBXFileSystemSynchronizedRootGroup;
			path = BlinkTests;
			sourceTree = "<group>";
		};
		EC1D159C2F51CBFD00C1E6F1 /* BlinkUITests */ = {
			isa = PBXFileSystemSynchronizedRootGroup;
			path = BlinkUITests;
			sourceTree = "<group>";
		};
/* End PBXFileSystemSynchronizedRootGroup section */

/* Begin PBXFrameworksBuildPhase section */
		EC1D157B2F51CBFC00C1E6F1 /* Frameworks */ = {
			isa = PBXFrameworksBuildPhase;
			buildActionMask = 2147483647;
			files = (
			);
			runOnlyForDeploymentPostprocessing = 0;
		};
		EC1D158C2F51CBFD00C1E6F1 /* Frameworks */ = {
			isa = PBXFrameworksBuildPhase;
			buildActionMask = 2147483647;
			files = (
			);
			runOnlyForDeploymentPostprocessing = 0;
		};
		EC1D15962F51CBFD00C1E6F1 /* Frameworks */ = {
			isa = PBXFrameworksBuildPhase;
			buildActionMask = 2147483647;
			files = (
			);
			runOnlyForDeploymentPostprocessing = 0;
		};
/* End PBXFrameworksBuildPhase section */

/* Begin PBXGroup section */
		EC1D15752F51CBFC00C1E6F1 = {
			isa = PBXGroup;
			children = (
				EC1D15802F51CBFC00C1E6F1 /* Blink */,
				EC2A00012F51CBFC00C1E6F1 /* Generated */,
				EC1D15922F51CBFD00C1E6F1 /* BlinkTests */,
				EC1D159C2F51CBFD00C1E6F1 /* BlinkUITests */,
				EC1D157F2F51CBFC00C1E6F1 /* Products */,
			);
			sourceTree = "<group>";
		};
		EC1D157F2F51CBFC00C1E6F1 /* Products */ = {
			isa = PBXGroup;
			children = (
				EC1D157E2F51CBFC00C1E6F1 /* Blink.app */,
				EC1D158F2F51CBFD00C1E6F1 /* BlinkTests.xctest */,
				EC1D15992F51CBFD00C1E6F1 /* BlinkUITests.xctest */,
			);
			name = Products;
			sourceTree = "<group>";
		};
/* End PBXGroup section */

/* Begin PBXNativeTarget section */
		EC1D157D2F51CBFC00C1E6F1 /* Blink */ = {
			isa = PBXNativeTarget;
			buildConfigurationList = EC1D15A32F51CBFD00C1E6F1 /* Build configuration list for PBXNativeTarget "Blink" */;
			buildPhases = (
				EC1D157A2F51CBFC00C1E6F1 /* Sources */,
				EC1D157B2F51CBFC00C1E6F1 /* Frameworks */,
				EC1D157C2F51CBFC00C1E6F1 /* Resources */,
			);
			buildRules = (
			);
			dependencies = (
			);
			fileSystemSynchronizedGroups = (
				EC1D15802F51CBFC00C1E6F1 /* Blink */,
				EC2A00012F51CBFC00C1E6F1 /* Generated */,
			);
			name = Blink;
			packageProductDependencies = (
			);
			productName = Blink;
			productReference = EC1D157E2F51CBFC00C1E6F1 /* Blink.app */;
			productType = "com.apple.product-type.application";
		};
		EC1D158E2F51CBFD00C1E6F1 /* BlinkTests */ = {
			isa = PBXNativeTarget;
			buildConfigurationList = EC1D15A62F51CBFD00C1E6F1 /* Build configuration list for PBXNativeTarget "BlinkTests" */;
			buildPhases = (
				EC1D158B2F51CBFD00C1E6F1 /* Sources */,
				EC1D158C2F51CBFD00C1E6F1 /* Frameworks */,
				EC1D158D2F51CBFD00C1E6F1 /* Resources */,
			);
			buildRules = (
			);
			dependencies = (
				EC1D15912F51CBFD00C1E6F1 /* PBXTargetDependency */,
			);
			fileSystemSynchronizedGroups = (
				EC1D15922F51CBFD00C1E6F1 /* BlinkTests */,
			);
			name = BlinkTests;
			packageProductDependencies = (
			);
			productName = BlinkTests;
			productReference = EC1D158F2F51CBFD00C1E6F1 /* BlinkTests.xctest */;
			productType = "com.apple.product-type.bundle.unit-test";
		};
		EC1D15982F51CBFD00C1E6F1 /* BlinkUITests */ = {
			isa = PBXNativeTarget;
			buildConfigurationList = EC1D15A92F51CBFD00C1E6F1 /* Build configuration list for PBXNativeTarget "BlinkUITests" */;
			buildPhases = (
				EC1D15952F51CBFD00C1E6F1 /* Sources */,
				EC1D15962F51CBFD00C1E6F1 /* Frameworks */,
				EC1D15972F51CBFD00C1E6F1 /* Resources */,
			);
			buildRules = (
			);
			dependencies = (
				EC1D159B2F51CBFD00C1E6F1 /* PBXTargetDependency */,
			);
			fileSystemSynchronizedGroups = (
				EC1D159C2F51CBFD00C1E6F1 /* BlinkUITests */,
			);
			name = BlinkUITests;
			packageProductDependencies = (
			);
			productName = BlinkUITests;
			productReference = EC1D15992F51CBFD00C1E6F1 /* BlinkUITests.xctest */;
			productType = "com.apple.product-type.bundle.ui-testing";
		};
/* End PBXNativeTarget section */

/* Begin PBXProject section */
		EC1D15762F51CBFC00C1E6F1 /* Project object */ = {
			isa = PBXProject;
			attributes = {
				BuildIndependentTargetsInParallel = 1;
				LastSwiftUpdateCheck = 1620;
				LastUpgradeCheck = 1620;
				TargetAttributes = {
					EC1D157D2F51CBFC00C1E6F1 = {
						CreatedOnToolsVersion = 16.2;
					};
					EC1D158E2F51CBFD00C1E6F1 = {
						CreatedOnToolsVersion = 16.2;
						TestTargetID = EC1D157D2F51CBFC00C1E6F1;
					};
					EC1D15982F51CBFD00C1E6F1 = {
						CreatedOnToolsVersion = 16.2;
						TestTargetID = EC1D157D2F51CBFC00C1E6F1;
					};
				};
			};
			buildConfigurationList = EC1D15792F51CBFC00C1E6F1 /* Build configuration list for PBXProject "Blink" */;
			developmentRegion = en;
			hasScannedForEncodings = 0;
			knownRegions = (
				en,
				Base,
			);
			mainGroup = EC1D15752F51CBFC00C1E6F1;
			minimizedProjectReferenceProxies = 1;
			preferredProjectObjectVersion = 77;
			productRefGroup = EC1D157F2F51CBFC00C1E6F1 /* Products */;
			projectDirPath = "";
			projectRoot = "";
			targets = (
				EC1D157D2F51CBFC00C1E6F1 /* Blink */,
				EC1D158E2F51CBFD00C1E6F1 /* BlinkTests */,
				EC1D15982F51CBFD00C1E6F1 /* BlinkUITests */,
			);
		};
/* End PBXProject section */

/* Begin PBXResourcesBuildPhase section */
		EC1D157C2F51CBFC00C1E6F1 /* Resources */ = {
			isa = PBXResourcesBuildPhase;
			buildActionMask = 2147483647;
			files = (
			);
			runOnlyForDeploymentPostprocessing = 0;
		};
		EC1D158D2F51CBFD00C1E6F1 /* Resources */ = {
			isa = PBXResourcesBuildPhase;
			buildActionMask = 2147483647;
			files = (
			);
			runOnlyForDeploymentPostprocessing = 0;
		};
		EC1D15972F51CBFD00C1E6F1 /* Resources */ = {
			isa = PBXResourcesBuildPhase;
			buildActionMask = 2147483647;
			files = (
			);
			runOnlyForDeploymentPostprocessing = 0;
		};
/* End PBXResourcesBuildPhase section */

/* Begin PBXSourcesBuildPhase section */
		EC1D157A2F51CBFC00C1E6F1 /* Sources */ = {
			isa = PBXSourcesBuildPhase;
			buildActionMask = 2147483647;
			files = (
			);
			runOnlyForDeploymentPostprocessing = 0;
		};
		EC1D158B2F51CBFD00C1E6F1 /* Sources */ = {
			isa = PBXSourcesBuildPhase;
			buildActionMask = 2147483647;
			files = (
			);
			runOnlyForDeploymentPostprocessing = 0;
		};
		EC1D15952F51CBFD00C1E6F1 /* Sources */ = {
			isa = PBXSourcesBuildPhase;
			buildActionMask = 2147483647;
			files = (
			);
			runOnlyForDeploymentPostprocessing = 0;
		};
/* End PBXSourcesBuildPhase section */

/* Begin PBXTargetDependency section */
		EC1D15912F51CBFD00C1E6F1 /* PBXTargetDependency */ = {
			isa = PBXTargetDependency;
			target = EC1D157D2F51CBFC00C1E6F1 /* Blink */;
			targetProxy = EC1D15902F51CBFD00C1E6F1 /* PBXContainerItemProxy */;
		};
		EC1D159B2F51CBFD00C1E6F1 /* PBXTargetDependency */ = {
			isa = PBXTargetDependency;
			target = EC1D157D2F51CBFC00C1E6F1 /* Blink */;
			targetProxy = EC1D159A2F51CBFD00C1E6F1 /* PBXContainerItemProxy */;
		};
/* End PBXTargetDependency section */

/* Begin XCBuildConfiguration section */
		EC1D15A12F51CBFD00C1E6F1 /* Debug */ = {
			isa = XCBuildConfiguration;
			buildSettings = {
				ALWAYS_SEARCH_USER_PATHS = NO;
				ASSETCATALOG_COMPILER_GENERATE_SWIFT_ASSET_SYMBOL_EXTENSIONS = YES;
				CLANG_ANALYZER_NONNULL = YES;
				CLANG_ANALYZER_NUMBER_OBJECT_CONVERSION = YES_AGGRESSIVE;
				CLANG_CXX_LANGUAGE_STANDARD = "gnu++20";
				CLANG_ENABLE_MODULES = YES;
				CLANG_ENABLE_OBJC_ARC = YES;
				CLANG_ENABLE_OBJC_WEAK = YES;
				CLANG_WARN_BLOCK_CAPTURE_AUTORELEASING = YES;
				CLANG_WARN_BOOL_CONVERSION = YES;
				CLANG_WARN_COMMA = YES;
				CLANG_WARN_CONSTANT_CONVERSION = YES;
				CLANG_WARN_DEPRECATED_OBJC_IMPLEMENTATIONS = YES;
				CLANG_WARN_DIRECT_OBJC_ISA_USAGE = YES_ERROR;
				CLANG_WARN_DOCUMENTATION_COMMENTS = YES;
				CLANG_WARN_EMPTY_BODY = YES;
				CLANG_WARN_ENUM_CONVERSION = YES;
				CLANG_WARN_INFINITE_RECURSION = YES;
				CLANG_WARN_INT_CONVERSION = YES;
				CLANG_WARN_NON_LITERAL_NULL_CONVERSION = YES;
				CLANG_WARN_OBJC_IMPLICIT_RETAIN_SELF = YES;
				CLANG_WARN_OBJC_LITERAL_CONVERSION = YES;
				CLANG_WARN_OBJC_ROOT_CLASS = YES_ERROR;
				CLANG_WARN_QUOTED_INCLUDE_IN_FRAMEWORK_HEADER = YES;
				CLANG_WARN_RANGE_LOOP_ANALYSIS = YES;
				CLANG_WARN_STRICT_PROTOTYPES = YES;
				CLANG_WARN_SUSPICIOUS_MOVE = YES;
				CLANG_WARN_UNGUARDED_AVAILABILITY = YES_AGGRESSIVE;
				CLANG_WARN_UNREACHABLE_CODE = YES;
				CLANG_WARN__DUPLICATE_METHOD_MATCH = YES;
				COPY_PHASE_STRIP = NO;
				DEBUG_INFORMATION_FORMAT = dwarf;
				ENABLE_STRICT_OBJC_MSGSEND = YES;
				ENABLE_TESTABILITY = YES;
				ENABLE_USER_SCRIPT_SANDBOXING = YES;
				GCC_C_LANGUAGE_STANDARD = gnu17;
				GCC_DYNAMIC_NO_PIC = NO;
				GCC_NO_COMMON_BLOCKS = YES;
				GCC_OPTIMIZATION_LEVEL = 0;
				GCC_PREPROCESSOR_DEFINITIONS = (
					"DEBUG=1",
					"$(inherited)",
				);
				GCC_WARN_64_TO_32_BIT_CONVERSION = YES;
				GCC_WARN_ABOUT_RETURN_TYPE = YES_ERROR;
				GCC_WARN_UNDECLARED_SELECTOR = YES;
				GCC_WARN_UNINITIALIZED_AUTOS = YES_AGGRESSIVE;
				GCC_WARN_UNUSED_FUNCTION = YES;
				GCC_WARN_UNUSED_VARIABLE = YES;
				LOCALIZATION_PREFERS_STRING_CATALOGS = YES;
				MACOSX_DEPLOYMENT_TARGET = 15.2;
				MTL_ENABLE_DEBUG_INFO = INCLUDE_SOURCE;
				MTL_FAST_MATH = YES;
				ONLY_ACTIVE_ARCH = YES;
				SDKROOT = macosx;
				SWIFT_ACTIVE_COMPILATION_CONDITIONS = "DEBUG $(inherited)";
				SWIFT_OPTIMIZATION_LEVEL = "-Onone";
			};
			name = Debug;
		};
		EC1D15A22F51CBFD00C1E6F1 /* Release */ = {
			isa = XCBuildConfiguration;
			buildSettings = {
				ALWAYS_SEARCH_USER_PATHS = NO;
				ASSETCATALOG_COMPILER_GENERATE_SWIFT_ASSET_SYMBOL_EXTENSIONS = YES;
				CLANG_ANALYZER_NONNULL = YES;
				CLANG_ANALYZER_NUMBER_OBJECT_CONVERSION = YES_AGGRESSIVE;
				CLANG_CXX_LANGUAGE_STANDARD = "gnu++20";
				CLANG_ENABLE_MODULES = YES;
				CLANG_ENABLE_OBJC_ARC = YES;
				CLANG_ENABLE_OBJC_WEAK = YES;
				CLANG_WARN_BLOCK_CAPTURE_AUTORELEASING = YES;
				CLANG_WARN_BOOL_CONVERSION = YES;
				CLANG_WARN_COMMA = YES;
				CLANG_WARN_CONSTANT_CONVERSION = YES;
				CLANG_WARN_DEPRECATED_OBJC_IMPLEMENTATIONS = YES;
				CLANG_WARN_DIRECT_OBJC_ISA_USAGE = YES_ERROR;
				CLANG_WARN_DOCUMENTATION_COMMENTS = YES;
				CLANG_WARN_EMPTY_BODY = YES;
				CLANG_WARN_ENUM_CONVERSION = YES;
				CLANG_WARN_INFINITE_RECURSION = YES;
				CLANG_WARN_INT_CONVERSION = YES;
				CLANG_WARN_NON_LITERAL_NULL_CONVERSION = YES;
				CLANG_WARN_OBJC_IMPLICIT_RETAIN_SELF = YES;
				CLANG_WARN_OBJC_LITERAL_CONVERSION = YES;
				CLANG_WARN_OBJC_ROOT_CLASS = YES_ERROR;
				CLANG_WARN_QUOTED_INCLUDE_IN_FRAMEWORK_HEADER = YES;
				CLANG_WARN_RANGE_LOOP_ANALYSIS = YES;
				CLANG_WARN_STRICT_PROTOTYPES = YES;
				CLANG_WARN_SUSPICIOUS_MOVE = YES;
				CLANG_WARN_UNGUARDED_AVAILABILITY = YES_AGGRESSIVE;
				CLANG_WARN_UNREACHABLE_CODE = YES;
				CLANG_WARN__DUPLICATE_METHOD_MATCH = YES;
				COPY_PHASE_STRIP = NO;
				DEBUG_INFORMATION_FORMAT = "dwarf-with-dsym";
				ENABLE_NS_ASSERTIONS = NO;
				ENABLE_STRICT_OBJC_MSGSEND = YES;
				ENABLE_USER_SCRIPT_SANDBOXING = YES;
				GCC_C_LANGUAGE_STANDARD = gnu17;
				GCC_NO_COMMON_BLOCKS = YES;
				GCC_WARN_64_TO_32_BIT_CONVERSION = YES;
				GCC_WARN_ABOUT_RETURN_TYPE = YES_ERROR;
				GCC_WARN_UNDECLARED_SELECTOR = YES;
				GCC_WARN_UNINITIALIZED_AUTOS = YES_AGGRESSIVE;
				GCC_WARN_UNUSED_FUNCTION = YES;
				GCC_WARN_UNUSED_VARIABLE = YES;
				LOCALIZATION_PREFERS_STRING_CATALOGS = YES;
				MACOSX_DEPLOYMENT_TARGET = 15.2;
				MTL_ENABLE_DEBUG_INFO = NO;
				MTL_FAST_MATH = YES;
				SDKROOT = macosx;
				SWIFT_COMPILATION_MODE = wholemodule;
			};
			name = Release;
		};
		EC1D15A42F51CBFD00C1E6F1 /* Debug */ = {
			isa = XCBuildConfiguration;
			buildSettings = {
				ASSETCATALOG_COMPILER_APPICON_NAME = AppIcon;
				ASSETCATALOG_COMPILER_GLOBAL_ACCENT_COLOR_NAME = AccentColor;
				CODE_SIGN_ENTITLEMENTS = Blink/Blink.entitlements;
				CODE_SIGN_STYLE = Automatic;
				COMBINE_HIDPI_IMAGES = YES;
				CURRENT_PROJECT_VERSION = 1;
				DEVELOPMENT_ASSET_PATHS = "\"Blink/Preview Content\"";
				DEVELOPMENT_TEAM = T6ZYALKC4V;
				ENABLE_HARDENED_RUNTIME = YES;
				ENABLE_PREVIEWS = YES;
				GENERATE_INFOPLIST_FILE = YES;
				HEADER_SEARCH_PATHS = (
					"$(inherited)",
					"$(SRCROOT)/Generated",
				);
				INFOPLIST_KEY_NSHumanReadableCopyright = "";
				LD_RUNPATH_SEARCH_PATHS = (
					"$(inherited)",
					"@executable_path/../Frameworks",
				);
				MARKETING_VERSION = 1.0;
				OTHER_LDFLAGS = (
					"$(inherited)",
					"$(SRCROOT)/RustLib/libcore_api_universal.a",
					"-lc++",
				);
				PRODUCT_BUNDLE_IDENTIFIER = com.inoworl.Blink;
				PRODUCT_NAME = "$(TARGET_NAME)";
				SWIFT_EMIT_LOC_STRINGS = YES;
				SWIFT_INCLUDE_PATHS = "$(SRCROOT)/Generated";
				SWIFT_OBJC_BRIDGING_HEADER = "Blink/Blink-Bridging-Header.h";
				SWIFT_VERSION = 5.0;
			};
			name = Debug;
		};
		EC1D15A52F51CBFD00C1E6F1 /* Release */ = {
			isa = XCBuildConfiguration;
			buildSettings = {
				ASSETCATALOG_COMPILER_APPICON_NAME = AppIcon;
				ASSETCATALOG_COMPILER_GLOBAL_ACCENT_COLOR_NAME = AccentColor;
				CODE_SIGN_ENTITLEMENTS = Blink/Blink.entitlements;
				CODE_SIGN_STYLE = Automatic;
				COMBINE_HIDPI_IMAGES = YES;
				CURRENT_PROJECT_VERSION = 1;
				DEVELOPMENT_ASSET_PATHS = "\"Blink/Preview Content\"";
				DEVELOPMENT_TEAM = T6ZYALKC4V;
				ENABLE_HARDENED_RUNTIME = YES;
				ENABLE_PREVIEWS = YES;
				GENERATE_INFOPLIST_FILE = YES;
				HEADER_SEARCH_PATHS = (
					"$(inherited)",
					"$(SRCROOT)/Generated",
				);
				INFOPLIST_KEY_NSHumanReadableCopyright = "";
				LD_RUNPATH_SEARCH_PATHS = (
					"$(inherited)",
					"@executable_path/../Frameworks",
				);
				MARKETING_VERSION = 1.0;
				OTHER_LDFLAGS = (
					"$(inherited)",
					"$(SRCROOT)/RustLib/libcore_api_universal.a",
					"-lc++",
				);
				PRODUCT_BUNDLE_IDENTIFIER = com.inoworl.Blink;
				PRODUCT_NAME = "$(TARGET_NAME)";
				SWIFT_EMIT_LOC_STRINGS = YES;
				SWIFT_INCLUDE_PATHS = "$(SRCROOT)/Generated";
				SWIFT_OBJC_BRIDGING_HEADER = "Blink/Blink-Bridging-Header.h";
				SWIFT_VERSION = 5.0;
			};
			name = Release;
		};
		EC1D15A72F51CBFD00C1E6F1 /* Debug */ = {
			isa = XCBuildConfiguration;
			buildSettings = {
				BUNDLE_LOADER = "$(TEST_HOST)";
				CODE_SIGN_STYLE = Automatic;
				CURRENT_PROJECT_VERSION = 1;
				DEVELOPMENT_TEAM = T6ZYALKC4V;
				GENERATE_INFOPLIST_FILE = YES;
				MACOSX_DEPLOYMENT_TARGET = 15.2;
				MARKETING_VERSION = 1.0;
				PRODUCT_BUNDLE_IDENTIFIER = com.inoworl.BlinkTests;
				PRODUCT_NAME = "$(TARGET_NAME)";
				SWIFT_EMIT_LOC_STRINGS = NO;
				SWIFT_VERSION = 5.0;
				TEST_HOST = "$(BUILT_PRODUCTS_DIR)/Blink.app/$(BUNDLE_EXECUTABLE_FOLDER_PATH)/Blink";
			};
			name = Debug;
		};
		EC1D15A82F51CBFD00C1E6F1 /* Release */ = {
			isa = XCBuildConfiguration;
			buildSettings = {
				BUNDLE_LOADER = "$(TEST_HOST)";
				CODE_SIGN_STYLE = Automatic;
				CURRENT_PROJECT_VERSION = 1;
				DEVELOPMENT_TEAM = T6ZYALKC4V;
				GENERATE_INFOPLIST_FILE = YES;
				MACOSX_DEPLOYMENT_TARGET = 15.2;
				MARKETING_VERSION = 1.0;
				PRODUCT_BUNDLE_IDENTIFIER = com.inoworl.BlinkTests;
				PRODUCT_NAME = "$(TARGET_NAME)";
				SWIFT_EMIT_LOC_STRINGS = NO;
				SWIFT_VERSION = 5.0;
				TEST_HOST = "$(BUILT_PRODUCTS_DIR)/Blink.app/$(BUNDLE_EXECUTABLE_FOLDER_PATH)/Blink";
			};
			name = Release;
		};
		EC1D15AA2F51CBFD00C1E6F1 /* Debug */ = {
			isa = XCBuildConfiguration;
			buildSettings = {
				CODE_SIGN_STYLE = Automatic;
				CURRENT_PROJECT_VERSION = 1;
				DEVELOPMENT_TEAM = T6ZYALKC4V;
				GENERATE_INFOPLIST_FILE = YES;
				MARKETING_VERSION = 1.0;
				PRODUCT_BUNDLE_IDENTIFIER = com.inoworl.BlinkUITests;
				PRODUCT_NAME = "$(TARGET_NAME)";
				SWIFT_EMIT_LOC_STRINGS = NO;
				SWIFT_VERSION = 5.0;
				TEST_TARGET_NAME = Blink;
			};
			name = Debug;
		};
		EC1D15AB2F51CBFD00C1E6F1 /* Release */ = {
			isa = XCBuildConfiguration;
			buildSettings = {
				CODE_SIGN_STYLE = Automatic;
				CURRENT_PROJECT_VERSION = 1;
				DEVELOPMENT_TEAM = T6ZYALKC4V;
				GENERATE_INFOPLIST_FILE = YES;
				MARKETING_VERSION = 1.0;
				PRODUCT_BUNDLE_IDENTIFIER = com.inoworl.BlinkUITests;
				PRODUCT_NAME = "$(TARGET_NAME)";
				SWIFT_EMIT_LOC_STRINGS = NO;
				SWIFT_VERSION = 5.0;
				TEST_TARGET_NAME = Blink;
			};
			name = Release;
		};
/* End XCBuildConfiguration section */

/* Begin XCConfigurationList section */
		EC1D15792F51CBFC00C1E6F1 /* Build configuration list for PBXProject "Blink" */ = {
			isa = XCConfigurationList;
			buildConfigurations = (
				EC1D15A12F51CBFD00C1E6F1 /* Debug */,
				EC1D15A22F51CBFD00C1E6F1 /* Release */,
			);
			defaultConfigurationIsVisible = 0;
			defaultConfigurationName = Release;
		};
		EC1D15A32F51CBFD00C1E6F1 /* Build configuration list for PBXNativeTarget "Blink" */ = {
			isa = XCConfigurationList;
			buildConfigurations = (
				EC1D15A42F51CBFD00C1E6F1 /* Debug */,
				EC1D15A52F51CBFD00C1E6F1 /* Release */,
			);
			defaultConfigurationIsVisible = 0;
			defaultConfigurationName = Release;
		};
		EC1D15A62F51CBFD00C1E6F1 /* Build configuration list for PBXNativeTarget "BlinkTests" */ = {
			isa = XCConfigurationList;
			buildConfigurations = (
				EC1D15A72F51CBFD00C1E6F1 /* Debug */,
				EC1D15A82F51CBFD00C1E6F1 /* Release */,
			);
			defaultConfigurationIsVisible = 0;
			defaultConfigurationName = Release;
		};
		EC1D15A92F51CBFD00C1E6F1 /* Build configuration list for PBXNativeTarget "BlinkUITests" */ = {
			isa = XCConfigurationList;
			buildConfigurations = (
				EC1D15AA2F51CBFD00C1E6F1 /* Debug */,
				EC1D15AB2F51CBFD00C1E6F1 /* Release */,
			);
			defaultConfigurationIsVisible = 0;
			defaultConfigurationName = Release;
		};
/* End XCConfigurationList section */
	};
	rootObject = EC1D15762F51CBFC00C1E6F1 /* Project object */;
}
