# This file is automatically @generated by Cargo.
# It is not intended for manual editing.
version = 4

[[package]]
name = "core_api"
version = "0.1.0"
dependencies = [
 "core_fs",
 "core_types",
]

[[package]]
name = "core_fs"
version = "0.1.0"
dependencies = [
 "core_types",
]

[[package]]
name = "core_git"
version = "0.1.0"
dependencies = [
 "core_types",
]

[[package]]
name = "core_highlight"
version = "0.1.0"
dependencies = [
 "core_types",
]

[[package]]
name = "core_types"
version = "0.1.0"
